
Microsoft Visual Studio Solution File, Format Version 12.00
# Visual Studio Version 17
VisualStudioVersion = 17.9.34701.34
MinimumVisualStudioVersion = 10.0.40219.1
Project("{FAE04EC0-301F-11D3-BF4B-00C04F79EFBC}") = "IRM Game", "IRM Game\IRM Game.csproj", "{F7987B09-8A29-4B57-B730-3F37D02C14BA}"
EndProject
Global
	GlobalSection(SolutionConfigurationPlatforms) = preSolution
		Debug|Any CPU = Debug|Any CPU
		Release|Any CPU = Release|Any CPU
	EndGlobalSection
	GlobalSection(ProjectConfigurationPlatforms) = postSolution
		{F7987B09-8A29-4B57-B730-3F37D02C14BA}.Debug|Any CPU.ActiveCfg = Debug|Any CPU
		{F7987B09-8A29-4B57-B730-3F37D02C14BA}.Debug|Any CPU.Build.0 = Debug|Any CPU
		{F7987B09-8A29-4B57-B730-3F37D02C14BA}.Release|Any CPU.ActiveCfg = Release|Any CPU
		{F7987B09-8A29-4B57-B730-3F37D02C14BA}.Release|Any CPU.Build.0 = Release|Any CPU
	EndGlobalSection
	GlobalSection(SolutionProperties) = preSolution
		HideSolutionNode = FALSE
	EndGlobalSection
	GlobalSection(ExtensibilityGlobals) = postSolution
		SolutionGuid = {25CC3B0C-2E3F-4963-9747-F79156959662}
	EndGlobalSection
EndGlobal
